
Microsoft Visual Studio Solution File, Format Version 12.00
Project("{FAE04EC0-301F-11D3-BF4B-00C04F79EFBC}") = "ConsoleUI", "ConsoleUI.csproj", "{0C50DBF8-F1AA-451B-8394-7EBF71A912AB}"
EndProject
Project("{FAE04EC0-301F-11D3-BF4B-00C04F79EFBC}") = "ConsoleUI.Debug", "ConsoleUI.Debug\ConsoleUI.Debug.csproj", "{B46FE90B-A734-47B5-9DBC-3B9DA3B64B30}"
EndProject
Global
	GlobalSection(SolutionConfigurationPlatforms) = preSolution
		Debug|Any CPU = Debug|Any CPU
		Release|Any CPU = Release|Any CPU
	EndGlobalSection
	GlobalSection(ProjectConfigurationPlatforms) = postSolution
		{0C50DBF8-F1AA-451B-8394-7EBF71A912AB}.Debug|Any CPU.ActiveCfg = Debug|Any CPU
		{0C50DBF8-F1AA-451B-8394-7EBF71A912AB}.Debug|Any CPU.Build.0 = Debug|Any CPU
		{0C50DBF8-F1AA-451B-8394-7EBF71A912AB}.Release|Any CPU.ActiveCfg = Release|Any CPU
		{0C50DBF8-F1AA-451B-8394-7EBF71A912AB}.Release|Any CPU.Build.0 = Release|Any CPU
		{B46FE90B-A734-47B5-9DBC-3B9DA3B64B30}.Debug|Any CPU.ActiveCfg = Debug|Any CPU
		{B46FE90B-A734-47B5-9DBC-3B9DA3B64B30}.Debug|Any CPU.Build.0 = Debug|Any CPU
		{B46FE90B-A734-47B5-9DBC-3B9DA3B64B30}.Release|Any CPU.ActiveCfg = Release|Any CPU
		{B46FE90B-A734-47B5-9DBC-3B9DA3B64B30}.Release|Any CPU.Build.0 = Release|Any CPU
	EndGlobalSection
EndGlobal
